github.com/astaxie/beeku v0.0.0-20120720010552-d9410e7c5894 h1:bk1t/rbqAYvse0TdOkU6hEXZJLwzFwsherSHEm7Y7jY=
github.com/astaxie/beeku v0.0.0-20120720010552-d9410e7c5894/go.mod h1:B4wul4IjK5K43abLawAwzAVZiG0pIfXipGQXnGnCTf4=
github.com/gorilla/schema v1.1.0 h1:CamqUDOFUBqzrvxuz2vEwo8+SUdwsluFh7IlzJh30LY=
github.com/gorilla/schema v1.1.0/go.mod h1:kgLaKoK1FELgZqMAVxx/5cbj0kT+57qxUrAlIO2eleU=
